schema: '2.0'
stages:
  get_features:
    cmd: python3 scripts/data-processing/get_features.py data/raw/Train
    deps:
    - path: data/raw/Train
      hash: md5
      md5: 133844edec39d291f8792e3baf876537
      size: 55649
    - path: scripts/data-processing/get_features.py
      hash: md5
      md5: 48173b1c455e8d0ab91faa5b0f91c1eb
      size: 1016
    outs:
    - path: data/stage1
      hash: md5
      md5: b74e2f6c5713d0c21ce0aaee827efe22.dir
      size: 42055
      nfiles: 1
  fill_na:
    cmd: python3 scripts/data-processing/fill_na.py data/stage1/train.csv
    deps:
    - path: data/stage1/train.csv
      hash: md5
      md5: f3f25aee89cdf9360a1655d81e632332
      size: 42055
    - path: scripts/data-processing/fill_na.py
      hash: md5
      md5: 0277a85cc282070118264554be70172a
      size: 2103
    outs:
    - path: data/stage2
      hash: md5
      md5: 680ec0783578e2132001d9ed7e20ebf3.dir
      size: 40343
      nfiles: 1
  split:
    cmd: python3 scripts/data-processing/train_test_split.py data/stage2/train.csv
    deps:
    - path: data/stage2/train.csv
      hash: md5
      md5: e02085c51bb2a75d46331407cb00f7a0
      size: 40343
    - path: scripts/data-processing/train_test_split.py
      hash: md5
      md5: 34c3e8c26d7dc3a137d009356bbf716b
      size: 975
    params:
      params.yaml:
        split.split_ratio: 0.3
  train:
    cmd: python3 scripts/model_learning/dt.py data/stage3/train.csv model.pkl
    deps:
    - path: data/stage3/train.csv
      hash: md5
      md5: c8c8534c248fbe93fcc6ac1b0137b3ce
      size: 28206
    - path: scripts/model_learning/dt.py
      hash: md5
      md5: 962a751cd7759b07423358fcd8f049fc
      size: 720
    params:
      params.yaml:
        train.max_depth: 3
        train.seed: 42
    outs:
    - path: models/model.pkl
      hash: md5
      md5: ebe743aa7cece471c775f72f6b1adc14
      size: 2464
  evaluate:
    cmd: python3 scripts/model_learning/evaluate.py data/stage3/test.csv models/model.pkl
    deps:
    - path: data/stage3/test.csv
      hash: md5
      md5: 8580e586ab90f0c13edbd056af6038ea
      size: 12095
    - path: models/model.pkl
      hash: md5
      md5: ebe743aa7cece471c775f72f6b1adc14
      size: 2464
    - path: scripts/model_learning/evaluate.py
      hash: md5
      md5: 7ae0b67967e72e9eb095ce804b6ca4cf
      size: 570
    outs:
    - path: evaluate/score.json
      hash: md5
      md5: 5ad95a6445c968654d4a5405c024ed11
      size: 29
